
Microsoft Visual Studio Solution File, Format Version 12.00
# Visual Studio Version 17
VisualStudioVersion = 17.4.33213.308
MinimumVisualStudioVersion = 10.0.40219.1
Project("{FAE04EC0-301F-11D3-BF4B-00C04F79EFBC}") = "RoomCalculator", "RoomCalculator\RoomCalculator.csproj", "{8299BE20-F225-48E9-AAEB-AF4D98202998}"
EndProject
Global
	GlobalSection(SolutionConfigurationPlatforms) = preSolution
		Debug|Any CPU = Debug|Any CPU
		Release|Any CPU = Release|Any CPU
	EndGlobalSection
	GlobalSection(ProjectConfigurationPlatforms) = postSolution
		{8299BE20-F225-48E9-AAEB-AF4D98202998}.Debug|Any CPU.ActiveCfg = Debug|Any CPU
		{8299BE20-F225-48E9-AAEB-AF4D98202998}.Debug|Any CPU.Build.0 = Debug|Any CPU
		{8299BE20-F225-48E9-AAEB-AF4D98202998}.Release|Any CPU.ActiveCfg = Release|Any CPU
		{8299BE20-F225-48E9-AAEB-AF4D98202998}.Release|Any CPU.Build.0 = Release|Any CPU
	EndGlobalSection
	GlobalSection(SolutionProperties) = preSolution
		HideSolutionNode = FALSE
	EndGlobalSection
	GlobalSection(ExtensibilityGlobals) = postSolution
		SolutionGuid = {EBB7F156-F66C-4557-9B3C-AAC8DC3A29A6}
	EndGlobalSection
EndGlobal
